{
    "name": "first-node-app",
    "version": "1.0.0",
    "lockfileVersion": 3,
    "requires": true,
    "packages": {
        "": {
            "name": "first-node-app",
            "version": "1.0.0",
            "license": "ISC",
            "dependencies": {
                "first-node-app": "file:"
            }
        },
        "node_modules/first-node-app": {
            "resolved": "",
            "link": true
        }
    }
}
